
Microsoft Visual Studio Solution File, Format Version 12.00
# Visual Studio Version 16
VisualStudioVersion = 16.0.29709.97
MinimumVisualStudioVersion = 10.0.40219.1
Project("{FAE04EC0-301F-11D3-BF4B-00C04F79EFBC}") = "TohfeVending.Model", "TohfeVending.Model\TohfeVending.Model.csproj", "{47225250-EE22-49BF-BFF8-84FF33E24468}"
EndProject
Project("{FAE04EC0-301F-11D3-BF4B-00C04F79EFBC}") = "TohfeVending.OrdersModule", "TohfeVending.OrdersModule\TohfeVending.OrdersModule.csproj", "{B69C1811-8BE2-43F6-B3FF-FEA17C310981}"
EndProject
Project("{FAE04EC0-301F-11D3-BF4B-00C04F79EFBC}") = "TohfeVending.OrderPreparingModule", "TohfeVending.OrderPreparingModule\TohfeVending.OrderPreparingModule.csproj", "{C407F59A-63FD-46D1-B4EA-319CEB0B6221}"
EndProject
Project("{FAE04EC0-301F-11D3-BF4B-00C04F79EFBC}") = "TohfeVending.HeaderModule", "TohfeVending.HeaderModule\TohfeVending.HeaderModule.csproj", "{AB005167-5D8E-4AA1-8D30-BC6937A91A82}"
EndProject
Project("{FAE04EC0-301F-11D3-BF4B-00C04F79EFBC}") = "TohfeVending.Shell", "TohfeVending.Shell\TohfeVending.Shell.csproj", "{E7BF94B1-6B65-469B-9CFC-E138FC6A7404}"
EndProject
Global
	GlobalSection(SolutionConfigurationPlatforms) = preSolution
		Debug|Any CPU = Debug|Any CPU
		Release|Any CPU = Release|Any CPU
	EndGlobalSection
	GlobalSection(ProjectConfigurationPlatforms) = postSolution
		{47225250-EE22-49BF-BFF8-84FF33E24468}.Debug|Any CPU.ActiveCfg = Debug|Any CPU
		{47225250-EE22-49BF-BFF8-84FF33E24468}.Debug|Any CPU.Build.0 = Debug|Any CPU
		{47225250-EE22-49BF-BFF8-84FF33E24468}.Release|Any CPU.ActiveCfg = Release|Any CPU
		{47225250-EE22-49BF-BFF8-84FF33E24468}.Release|Any CPU.Build.0 = Release|Any CPU
		{B69C1811-8BE2-43F6-B3FF-FEA17C310981}.Debug|Any CPU.ActiveCfg = Debug|Any CPU
		{B69C1811-8BE2-43F6-B3FF-FEA17C310981}.Debug|Any CPU.Build.0 = Debug|Any CPU
		{B69C1811-8BE2-43F6-B3FF-FEA17C310981}.Release|Any CPU.ActiveCfg = Release|Any CPU
		{B69C1811-8BE2-43F6-B3FF-FEA17C310981}.Release|Any CPU.Build.0 = Release|Any CPU
		{C407F59A-63FD-46D1-B4EA-319CEB0B6221}.Debug|Any CPU.ActiveCfg = Debug|Any CPU
		{C407F59A-63FD-46D1-B4EA-319CEB0B6221}.Debug|Any CPU.Build.0 = Debug|Any CPU
		{C407F59A-63FD-46D1-B4EA-319CEB0B6221}.Release|Any CPU.ActiveCfg = Release|Any CPU
		{C407F59A-63FD-46D1-B4EA-319CEB0B6221}.Release|Any CPU.Build.0 = Release|Any CPU
		{AB005167-5D8E-4AA1-8D30-BC6937A91A82}.Debug|Any CPU.ActiveCfg = Debug|Any CPU
		{AB005167-5D8E-4AA1-8D30-BC6937A91A82}.Debug|Any CPU.Build.0 = Debug|Any CPU
		{AB005167-5D8E-4AA1-8D30-BC6937A91A82}.Release|Any CPU.ActiveCfg = Release|Any CPU
		{AB005167-5D8E-4AA1-8D30-BC6937A91A82}.Release|Any CPU.Build.0 = Release|Any CPU
		{E7BF94B1-6B65-469B-9CFC-E138FC6A7404}.Debug|Any CPU.ActiveCfg = Debug|Any CPU
		{E7BF94B1-6B65-469B-9CFC-E138FC6A7404}.Debug|Any CPU.Build.0 = Debug|Any CPU
		{E7BF94B1-6B65-469B-9CFC-E138FC6A7404}.Release|Any CPU.ActiveCfg = Release|Any CPU
		{E7BF94B1-6B65-469B-9CFC-E138FC6A7404}.Release|Any CPU.Build.0 = Release|Any CPU
	EndGlobalSection
	GlobalSection(SolutionProperties) = preSolution
		HideSolutionNode = FALSE
	EndGlobalSection
	GlobalSection(ExtensibilityGlobals) = postSolution
		SolutionGuid = {2722C125-ADCC-4590-BFE3-2EA1AEE9D840}
	EndGlobalSection
EndGlobal
